
Microsoft Visual Studio Solution File, Format Version 12.00
# Visual Studio Version 17
VisualStudioVersion = 17.2.32602.215
MinimumVisualStudioVersion = 10.0.40219.1
Project("{9A19103F-16F7-4668-BE54-9A1E7A4F7556}") = "ReflectionAndPlugins", "ReflectionAndPlugins\ReflectionAndPlugins.csproj", "{D60ADB8A-04A2-4E66-BF3E-73441CBEA7FA}"
EndProject
Project("{9A19103F-16F7-4668-BE54-9A1E7A4F7556}") = "IPlugin", "IPlugin\IPlugin.csproj", "{90B18AC1-8750-421C-9469-17D22FC1CEA8}"
EndProject
Project("{9A19103F-16F7-4668-BE54-9A1E7A4F7556}") = "FormDuzenPlg", "FormDuzenPlg\FormDuzenPlg.csproj", "{7B0DFC79-66D6-42CA-95FC-51884222D5B1}"
EndProject
Project("{FAE04EC0-301F-11D3-BF4B-00C04F79EFBC}") = "TitleManager", "TitleManager\TitleManager.csproj", "{67CCBF94-F45C-4DE0-A4AB-8E69A2E7C855}"
EndProject
Global
	GlobalSection(SolutionConfigurationPlatforms) = preSolution
		Debug|Any CPU = Debug|Any CPU
		Release|Any CPU = Release|Any CPU
	EndGlobalSection
	GlobalSection(ProjectConfigurationPlatforms) = postSolution
		{D60ADB8A-04A2-4E66-BF3E-73441CBEA7FA}.Debug|Any CPU.ActiveCfg = Debug|Any CPU
		{D60ADB8A-04A2-4E66-BF3E-73441CBEA7FA}.Debug|Any CPU.Build.0 = Debug|Any CPU
		{D60ADB8A-04A2-4E66-BF3E-73441CBEA7FA}.Release|Any CPU.ActiveCfg = Release|Any CPU
		{D60ADB8A-04A2-4E66-BF3E-73441CBEA7FA}.Release|Any CPU.Build.0 = Release|Any CPU
		{90B18AC1-8750-421C-9469-17D22FC1CEA8}.Debug|Any CPU.ActiveCfg = Debug|Any CPU
		{90B18AC1-8750-421C-9469-17D22FC1CEA8}.Debug|Any CPU.Build.0 = Debug|Any CPU
		{90B18AC1-8750-421C-9469-17D22FC1CEA8}.Release|Any CPU.ActiveCfg = Release|Any CPU
		{90B18AC1-8750-421C-9469-17D22FC1CEA8}.Release|Any CPU.Build.0 = Release|Any CPU
		{7B0DFC79-66D6-42CA-95FC-51884222D5B1}.Debug|Any CPU.ActiveCfg = Debug|Any CPU
		{7B0DFC79-66D6-42CA-95FC-51884222D5B1}.Debug|Any CPU.Build.0 = Debug|Any CPU
		{7B0DFC79-66D6-42CA-95FC-51884222D5B1}.Release|Any CPU.ActiveCfg = Release|Any CPU
		{7B0DFC79-66D6-42CA-95FC-51884222D5B1}.Release|Any CPU.Build.0 = Release|Any CPU
		{67CCBF94-F45C-4DE0-A4AB-8E69A2E7C855}.Debug|Any CPU.ActiveCfg = Debug|Any CPU
		{67CCBF94-F45C-4DE0-A4AB-8E69A2E7C855}.Debug|Any CPU.Build.0 = Debug|Any CPU
		{67CCBF94-F45C-4DE0-A4AB-8E69A2E7C855}.Release|Any CPU.ActiveCfg = Release|Any CPU
		{67CCBF94-F45C-4DE0-A4AB-8E69A2E7C855}.Release|Any CPU.Build.0 = Release|Any CPU
	EndGlobalSection
	GlobalSection(SolutionProperties) = preSolution
		HideSolutionNode = FALSE
	EndGlobalSection
	GlobalSection(ExtensibilityGlobals) = postSolution
		SolutionGuid = {E21C055F-1294-4946-872D-C17B4D52644F}
	EndGlobalSection
EndGlobal
