
Microsoft Visual Studio Solution File, Format Version 12.00
# Visual Studio Version 17
VisualStudioVersion = 17.2.32602.215
MinimumVisualStudioVersion = 10.0.40219.1
Project("{FAE04EC0-301F-11D3-BF4B-00C04F79EFBC}") = "TXTSCREEN", "TXTSCREEN\TXTSCREEN.csproj", "{4B8FC20F-96E2-4AD9-9302-316A1EBB7267}"
EndProject
Global
	GlobalSection(SolutionConfigurationPlatforms) = preSolution
		Debug|Any CPU = Debug|Any CPU
		Release|Any CPU = Release|Any CPU
	EndGlobalSection
	GlobalSection(ProjectConfigurationPlatforms) = postSolution
		{4B8FC20F-96E2-4AD9-9302-316A1EBB7267}.Debug|Any CPU.ActiveCfg = Debug|Any CPU
		{4B8FC20F-96E2-4AD9-9302-316A1EBB7267}.Debug|Any CPU.Build.0 = Debug|Any CPU
		{4B8FC20F-96E2-4AD9-9302-316A1EBB7267}.Release|Any CPU.ActiveCfg = Release|Any CPU
		{4B8FC20F-96E2-4AD9-9302-316A1EBB7267}.Release|Any CPU.Build.0 = Release|Any CPU
	EndGlobalSection
	GlobalSection(SolutionProperties) = preSolution
		HideSolutionNode = FALSE
	EndGlobalSection
	GlobalSection(ExtensibilityGlobals) = postSolution
		SolutionGuid = {5787C38C-F02E-4056-B816-2EFD0AC7E6F9}
	EndGlobalSection
EndGlobal
