
Microsoft Visual Studio Solution File, Format Version 12.00
# Visual Studio Version 17
VisualStudioVersion = 17.2.32602.215
MinimumVisualStudioVersion = 10.0.40219.1
Project("{FAE04EC0-301F-11D3-BF4B-00C04F79EFBC}") = "TasklarPPGiris", "TasklarPPGiris\TasklarPPGiris.csproj", "{C6F80AFF-152E-4FED-BCC1-20318F8E912F}"
EndProject
Global
	GlobalSection(SolutionConfigurationPlatforms) = preSolution
		Debug|Any CPU = Debug|Any CPU
		Release|Any CPU = Release|Any CPU
	EndGlobalSection
	GlobalSection(ProjectConfigurationPlatforms) = postSolution
		{C6F80AFF-152E-4FED-BCC1-20318F8E912F}.Debug|Any CPU.ActiveCfg = Debug|Any CPU
		{C6F80AFF-152E-4FED-BCC1-20318F8E912F}.Debug|Any CPU.Build.0 = Debug|Any CPU
		{C6F80AFF-152E-4FED-BCC1-20318F8E912F}.Release|Any CPU.ActiveCfg = Release|Any CPU
		{C6F80AFF-152E-4FED-BCC1-20318F8E912F}.Release|Any CPU.Build.0 = Release|Any CPU
	EndGlobalSection
	GlobalSection(SolutionProperties) = preSolution
		HideSolutionNode = FALSE
	EndGlobalSection
	GlobalSection(ExtensibilityGlobals) = postSolution
		SolutionGuid = {C8697C12-5A86-4CC3-A71D-D6AA6B195DEA}
	EndGlobalSection
EndGlobal
